{
  "version": 4,
  "terraform_version": "1.13.1",
  "serial": 31,
  "lineage": "34a7a23f-6ebc-1eb0-2d4d-199da56e87ae",
  "outputs": {
    "iam_sim_file": {
      "value": "./.local/iam_sim.json",
      "type": "string"
    },
    "k3d_add_node_script": {
      "value": "./.local/add_k3d_node.sh",
      "type": "string"
    },
    "kubeconfig": {
      "value": "~/.kube/config",
      "type": "string"
    },
    "kubeconfig_path": {
      "value": "~/.kube/config",
      "type": "string"
    },
    "metallb_ip_pool": {
      "value": "172.18.255.200-172.18.255.240",
      "type": "string"
    },
    "vpc_sim_file": {
      "value": "./.local/vpc_sim.json",
      "type": "string"
    }
  },
  "resources": [
    {
      "mode": "managed",
      "type": "helm_release",
      "name": "metallb",
      "provider": "provider[\"registry.terraform.io/hashicorp/helm\"]",
      "instances": [
        {
          "schema_version": 1,
          "attributes": {
            "atomic": false,
            "chart": "metallb",
            "cleanup_on_fail": false,
            "create_namespace": true,
            "dependency_update": false,
            "description": null,
            "devel": null,
            "disable_crd_hooks": false,
            "disable_openapi_validation": false,
            "disable_webhooks": false,
            "force_update": false,
            "id": "metallb",
            "keyring": null,
            "lint": false,
            "manifest": null,
            "max_history": 0,
            "metadata": [
              {
                "app_version": "v0.13.10",
                "chart": "metallb",
                "first_deployed": 1757227880,
                "last_deployed": 1757227880,
                "name": "metallb",
                "namespace": "metallb-system",
                "notes": "MetalLB is now running in the cluster.\n\nNow you can configure it via its CRs. Please refer to the metallb official docs\non how to use the CRs.\n",
                "revision": 1,
                "values": "{}",
                "version": "0.13.10"
              }
            ],
            "name": "metallb",
            "namespace": "metallb-system",
            "pass_credentials": false,
            "postrender": [],
            "recreate_pods": false,
            "render_subchart_notes": true,
            "replace": false,
            "repository": "https://metallb.github.io/metallb",
            "repository_ca_file": null,
            "repository_cert_file": null,
            "repository_key_file": null,
            "repository_password": null,
            "repository_username": null,
            "reset_values": false,
            "reuse_values": false,
            "set": [],
            "set_list": [],
            "set_sensitive": [],
            "skip_crds": false,
            "status": "deployed",
            "timeout": 300,
            "upgrade_install": null,
            "values": null,
            "verify": false,
            "version": "0.13.10",
            "wait": true,
            "wait_for_jobs": false
          },
          "sensitive_attributes": [
            [
              {
                "type": "get_attr",
                "value": "repository_password"
              }
            ]
          ],
          "identity_schema_version": 0,
          "private": "eyJzY2hlbWFfdmVyc2lvbiI6IjEifQ=="
        }
      ]
    },
    {
      "mode": "managed",
      "type": "helm_release",
      "name": "nginx_ingress",
      "provider": "provider[\"registry.terraform.io/hashicorp/helm\"]",
      "instances": [
        {
          "schema_version": 1,
          "attributes": {
            "atomic": false,
            "chart": "ingress-nginx",
            "cleanup_on_fail": false,
            "create_namespace": true,
            "dependency_update": false,
            "description": null,
            "devel": null,
            "disable_crd_hooks": false,
            "disable_openapi_validation": false,
            "disable_webhooks": false,
            "force_update": false,
            "id": "nginx-ingress",
            "keyring": null,
            "lint": false,
            "manifest": null,
            "max_history": 0,
            "metadata": [
              {
                "app_version": "1.4.0",
                "chart": "ingress-nginx",
                "first_deployed": 1757232096,
                "last_deployed": 1757232096,
                "name": "nginx-ingress",
                "namespace": "ingress-nginx",
                "notes": "The ingress-nginx controller has been installed.\nIt may take a few minutes for the LoadBalancer IP to be available.\nYou can watch the status by running 'kubectl --namespace ingress-nginx get services -o wide -w nginx-ingress-ingress-nginx-controller'\n\nAn example Ingress that makes use of the controller:\n  apiVersion: networking.k8s.io/v1\n  kind: Ingress\n  metadata:\n    name: example\n    namespace: foo\n  spec:\n    ingressClassName: nginx\n    rules:\n      - host: www.example.com\n        http:\n          paths:\n            - pathType: Prefix\n              backend:\n                service:\n                  name: exampleService\n                  port:\n                    number: 80\n              path: /\n    # This section is only required if TLS is to be enabled for the Ingress\n    tls:\n      - hosts:\n        - www.example.com\n        secretName: example-tls\n\nIf TLS is enabled for the Ingress, a Secret containing the certificate and key must also be provided:\n\n  apiVersion: v1\n  kind: Secret\n  metadata:\n    name: example-tls\n    namespace: foo\n  data:\n    tls.crt: \u003cbase64 encoded cert\u003e\n    tls.key: \u003cbase64 encoded key\u003e\n  type: kubernetes.io/tls\n",
                "revision": 1,
                "values": "{\"controller\":{\"admissionWebhooks\":{\"enabled\":false},\"replicaCount\":1,\"service\":{\"type\":\"LoadBalancer\"}}}",
                "version": "4.3.0"
              }
            ],
            "name": "nginx-ingress",
            "namespace": "ingress-nginx",
            "pass_credentials": false,
            "postrender": [],
            "recreate_pods": false,
            "render_subchart_notes": true,
            "replace": false,
            "repository": "https://kubernetes.github.io/ingress-nginx",
            "repository_ca_file": null,
            "repository_cert_file": null,
            "repository_key_file": null,
            "repository_password": null,
            "repository_username": null,
            "reset_values": false,
            "reuse_values": false,
            "set": [],
            "set_list": [],
            "set_sensitive": [],
            "skip_crds": false,
            "status": "deployed",
            "timeout": 300,
            "upgrade_install": null,
            "values": [
              "controller:\r\n  replicaCount: 1\r\n  service:\r\n    type: LoadBalancer\r\n  admissionWebhooks:\r\n    enabled: false\r\n"
            ],
            "verify": false,
            "version": "4.3.0",
            "wait": false,
            "wait_for_jobs": false
          },
          "sensitive_attributes": [
            [
              {
                "type": "get_attr",
                "value": "repository_password"
              }
            ]
          ],
          "identity_schema_version": 0,
          "private": "eyJzY2hlbWFfdmVyc2lvbiI6IjEifQ=="
        }
      ]
    },
    {
      "mode": "managed",
      "type": "local_file",
      "name": "iam_sim",
      "provider": "provider[\"registry.terraform.io/hashicorp/local\"]",
      "instances": [
        {
          "schema_version": 0,
          "attributes": {
            "content": "{\"iam_roles\":[{\"arn\":\"arn:aws:iam::000000000000:role/eks-cluster-role-sim\",\"name\":\"eks-cluster-role\"},{\"arn\":\"arn:aws:iam::000000000000:role/node-role-sim\",\"name\":\"node-role\"}],\"note\":\"Simulated IAM roles for demo only\"}",
            "content_base64": null,
            "content_base64sha256": "ZJzAY9UmGmeHBpCcGNDFyHqNrx0frzH1R4M4tvZ9jUw=",
            "content_base64sha512": "HBxtVMo7vdFU63hgysQvY9sPAzRIn/XoN78c3GWeXzugjiuWIV8bNbQozQeJLVjTVg1c20abFHLluMiAyfowHA==",
            "content_md5": "46a16ce77bd93f918bfc815e0f3871b8",
            "content_sha1": "77123c5c3dfa7bcf441ee85c67a825c24d3a92e4",
            "content_sha256": "649cc063d5261a678706909c18d0c5c87a8daf1d1faf31f5478338b6f67d8d4c",
            "content_sha512": "1c1c6d54ca3bbdd154eb7860cac42f63db0f0334489ff5e837bf1cdc659e5f3ba08e2b96215f1b35b428cd07892d58d3560d5cdb469b1472e5b8c880c9fa301c",
            "directory_permission": "0777",
            "file_permission": "0777",
            "filename": "./.local/iam_sim.json",
            "id": "77123c5c3dfa7bcf441ee85c67a825c24d3a92e4",
            "sensitive_content": null,
            "source": null
          },
          "sensitive_attributes": [
            [
              {
                "type": "get_attr",
                "value": "sensitive_content"
              }
            ]
          ],
          "identity_schema_version": 0
        }
      ]
    },
    {
      "mode": "managed",
      "type": "local_file",
      "name": "k3d_scale_script",
      "provider": "provider[\"registry.terraform.io/hashicorp/local\"]",
      "instances": [
        {
          "schema_version": 0,
          "attributes": {
            "content": "#!/usr/bin/env bash\r\nset -e\r\nk3d node create eks-sim-agent-extra --cluster eks-sim --kubeconfig-switch-context\r\necho \"Created an extra k3d agent node.\"\r\n",
            "content_base64": null,
            "content_base64sha256": "PY8lOyznYEs4SQB5c1jNhjZPlG9tPHsPkibUCLLtotg=",
            "content_base64sha512": "BqzDm5SDSw7LAIBU00Styid0N4PpdzJ95ym+zdxdaOaKUFT3ycItXeVgkl14YH6CyS2pWXdtmFi719xFnWQyEQ==",
            "content_md5": "ae73b9eee39300fe3a1c61445ce9805c",
            "content_sha1": "aa04ccacd49b255fc867269773ac2e9ed48f05b3",
            "content_sha256": "3d8f253b2ce7604b384900797358cd86364f946f6d3c7b0f9226d408b2eda2d8",
            "content_sha512": "06acc39b94834b0ecb008054d344adca27743783e977327de729becddc5d68e68a5054f7c9c22d5de560925d78607e82c92da959776d9858bbd7dc459d643211",
            "directory_permission": "0777",
            "file_permission": "0755",
            "filename": "./.local/add_k3d_node.sh",
            "id": "aa04ccacd49b255fc867269773ac2e9ed48f05b3",
            "sensitive_content": null,
            "source": null
          },
          "sensitive_attributes": [
            [
              {
                "type": "get_attr",
                "value": "sensitive_content"
              }
            ]
          ],
          "identity_schema_version": 0
        }
      ]
    },
    {
      "mode": "managed",
      "type": "local_file",
      "name": "vpc_sim",
      "provider": "provider[\"registry.terraform.io/hashicorp/local\"]",
      "instances": [
        {
          "schema_version": 0,
          "attributes": {
            "content": "{\"cidr\":\"10.0.0.0/16\",\"created_by\":\"terraform (local simulation)\",\"name\":\"local-vpc\",\"subnets\":[{\"cidr\":\"10.0.1.0/24\",\"name\":\"public-1\",\"type\":\"public\"},{\"cidr\":\"10.0.2.0/24\",\"name\":\"private-1\",\"type\":\"private\"}]}",
            "content_base64": null,
            "content_base64sha256": "tlFmVnufIBLTgByR2uJnNB+ayKEEZwHp6uXOgEIfRAw=",
            "content_base64sha512": "4thawXi0rw75WVWzsrbogqoBohVijukFAyNKkczIp4UXUcXNTZdGCcu3bGaQIkKCuWju0R1AFjngIqQfSSmXLA==",
            "content_md5": "dca00a9a81014a0fdcce18bb1004acd8",
            "content_sha1": "4f91eada3fa6bbdc65d33475cbfa1e2a2b9bee38",
            "content_sha256": "b65166567b9f2012d3801c91dae267341f9ac8a1046701e9eae5ce80421f440c",
            "content_sha512": "e2d85ac178b4af0ef95955b3b2b6e882aa01a215628ee90503234a91ccc8a7851751c5cd4d974609cbb76c6690224282b968eed11d401639e022a41f4929972c",
            "directory_permission": "0777",
            "file_permission": "0777",
            "filename": "./.local/vpc_sim.json",
            "id": "4f91eada3fa6bbdc65d33475cbfa1e2a2b9bee38",
            "sensitive_content": null,
            "source": null
          },
          "sensitive_attributes": [
            [
              {
                "type": "get_attr",
                "value": "sensitive_content"
              }
            ]
          ],
          "identity_schema_version": 0
        }
      ]
    },
    {
      "mode": "managed",
      "type": "null_resource",
      "name": "k3d_cluster_hint",
      "provider": "provider[\"registry.terraform.io/hashicorp/null\"]",
      "instances": [
        {
          "schema_version": 0,
          "attributes": {
            "id": "6172025182059662975",
            "triggers": null
          },
          "sensitive_attributes": [],
          "identity_schema_version": 0
        }
      ]
    }
  ],
  "check_results": null
}
